
Microsoft Visual Studio Solution File, Format Version 12.00
# Visual Studio Version 16
VisualStudioVersion = 16.0.29102.190
MinimumVisualStudioVersion = 10.0.40219.1
Project("{FAE04EC0-301F-11D3-BF4B-00C04F79EFBC}") = "2CtoSql", "2CtoSql\2CtoSql.csproj", "{A506CC16-9E4A-4E69-BC85-9533D344076E}"
EndProject
Global
	GlobalSection(SolutionConfigurationPlatforms) = preSolution
		Debug|Any CPU = Debug|Any CPU
		Release|Any CPU = Release|Any CPU
	EndGlobalSection
	GlobalSection(ProjectConfigurationPlatforms) = postSolution
		{A506CC16-9E4A-4E69-BC85-9533D344076E}.Debug|Any CPU.ActiveCfg = Debug|Any CPU
		{A506CC16-9E4A-4E69-BC85-9533D344076E}.Debug|Any CPU.Build.0 = Debug|Any CPU
		{A506CC16-9E4A-4E69-BC85-9533D344076E}.Release|Any CPU.ActiveCfg = Release|Any CPU
		{A506CC16-9E4A-4E69-BC85-9533D344076E}.Release|Any CPU.Build.0 = Release|Any CPU
	EndGlobalSection
	GlobalSection(SolutionProperties) = preSolution
		HideSolutionNode = FALSE
	EndGlobalSection
	GlobalSection(ExtensibilityGlobals) = postSolution
		SolutionGuid = {21F23F40-79F3-4897-97A1-08E552D356B4}
	EndGlobalSection
EndGlobal
